
Microsoft Visual Studio Solution File, Format Version 12.00
# Visual Studio Version 17
VisualStudioVersion = 17.13.35931.197
MinimumVisualStudioVersion = 10.0.40219.1
Project("{FAE04EC0-301F-11D3-BF4B-00C04F79EFBC}") = "BankingService", "BankingService\BankingService.csproj", "{1572D2AC-0D6B-9266-995D-78F3D575634C}"
EndProject
Project("{FAE04EC0-301F-11D3-BF4B-00C04F79EFBC}") = "MCPClient", "MCPClient\MCPClient.csproj", "{185A4F00-F574-5F80-CD98-7F3478D756BB}"
EndProject
Project("{FAE04EC0-301F-11D3-BF4B-00C04F79EFBC}") = "MCPServer", "MCPServer\MCPServer.csproj", "{8B3A187B-DF59-EFF4-34F3-CA37CC868C80}"
EndProject
Project("{FAE04EC0-301F-11D3-BF4B-00C04F79EFBC}") = "SharedLibrary", "SharedLibrary\SharedLibrary.csproj", "{43BDE39A-5DDA-41F0-8DFD-C37AF796006F}"
EndProject
Project("{FAE04EC0-301F-11D3-BF4B-00C04F79EFBC}") = "MCPAzureOpenAIClient", "MCPAzureOpenAIClient\MCPAzureOpenAIClient.csproj", "{5DB4010A-9946-4070-A25F-ED56A02FD3E2}"
EndProject
Global
	GlobalSection(SolutionConfigurationPlatforms) = preSolution
		Debug|Any CPU = Debug|Any CPU
		Release|Any CPU = Release|Any CPU
	EndGlobalSection
	GlobalSection(ProjectConfigurationPlatforms) = postSolution
		{1572D2AC-0D6B-9266-995D-78F3D575634C}.Debug|Any CPU.ActiveCfg = Debug|Any CPU
		{1572D2AC-0D6B-9266-995D-78F3D575634C}.Debug|Any CPU.Build.0 = Debug|Any CPU
		{1572D2AC-0D6B-9266-995D-78F3D575634C}.Release|Any CPU.ActiveCfg = Release|Any CPU
		{1572D2AC-0D6B-9266-995D-78F3D575634C}.Release|Any CPU.Build.0 = Release|Any CPU
		{185A4F00-F574-5F80-CD98-7F3478D756BB}.Debug|Any CPU.ActiveCfg = Debug|Any CPU
		{185A4F00-F574-5F80-CD98-7F3478D756BB}.Debug|Any CPU.Build.0 = Debug|Any CPU
		{185A4F00-F574-5F80-CD98-7F3478D756BB}.Release|Any CPU.ActiveCfg = Release|Any CPU
		{185A4F00-F574-5F80-CD98-7F3478D756BB}.Release|Any CPU.Build.0 = Release|Any CPU
		{8B3A187B-DF59-EFF4-34F3-CA37CC868C80}.Debug|Any CPU.ActiveCfg = Debug|Any CPU
		{8B3A187B-DF59-EFF4-34F3-CA37CC868C80}.Debug|Any CPU.Build.0 = Debug|Any CPU
		{8B3A187B-DF59-EFF4-34F3-CA37CC868C80}.Release|Any CPU.ActiveCfg = Release|Any CPU
		{8B3A187B-DF59-EFF4-34F3-CA37CC868C80}.Release|Any CPU.Build.0 = Release|Any CPU
		{43BDE39A-5DDA-41F0-8DFD-C37AF796006F}.Debug|Any CPU.ActiveCfg = Debug|Any CPU
		{43BDE39A-5DDA-41F0-8DFD-C37AF796006F}.Debug|Any CPU.Build.0 = Debug|Any CPU
		{43BDE39A-5DDA-41F0-8DFD-C37AF796006F}.Release|Any CPU.ActiveCfg = Release|Any CPU
		{43BDE39A-5DDA-41F0-8DFD-C37AF796006F}.Release|Any CPU.Build.0 = Release|Any CPU
		{5DB4010A-9946-4070-A25F-ED56A02FD3E2}.Debug|Any CPU.ActiveCfg = Debug|Any CPU
		{5DB4010A-9946-4070-A25F-ED56A02FD3E2}.Debug|Any CPU.Build.0 = Debug|Any CPU
		{5DB4010A-9946-4070-A25F-ED56A02FD3E2}.Release|Any CPU.ActiveCfg = Release|Any CPU
		{5DB4010A-9946-4070-A25F-ED56A02FD3E2}.Release|Any CPU.Build.0 = Release|Any CPU
	EndGlobalSection
	GlobalSection(SolutionProperties) = preSolution
		HideSolutionNode = FALSE
	EndGlobalSection
	GlobalSection(ExtensibilityGlobals) = postSolution
		SolutionGuid = {F11BFC52-991B-408E-ABC5-D605ECA0440D}
	EndGlobalSection
EndGlobal
