
Microsoft Visual Studio Solution File, Format Version 12.00
# Visual Studio Version 17
VisualStudioVersion = 17.12.35728.132
MinimumVisualStudioVersion = 10.0.40219.1
Project("{FAE04EC0-301F-11D3-BF4B-00C04F79EFBC}") = "AccountingAgent", "AccountingAgent\AccountingAgent.csproj", "{9F8FE104-5EF8-4654-A9ED-922B11FC02AC}"
EndProject
Project("{FAE04EC0-301F-11D3-BF4B-00C04F79EFBC}") = "ApprovalAgent", "ApprovalAgent\ApprovalAgent.csproj", "{C20F4B1F-8208-4552-BAF6-7A81CBD24673}"
EndProject
Project("{FAE04EC0-301F-11D3-BF4B-00C04F79EFBC}") = "CommonAgent", "CommonAgent\CommonAgent.csproj", "{7EAE536B-4E42-4A00-9414-B396651BD517}"
EndProject
Project("{FAE04EC0-301F-11D3-BF4B-00C04F79EFBC}") = "CreditAgent", "CreditAgent\CreditAgent.csproj", "{2B43F18C-8548-4E8C-A747-C43D8B43B0C4}"
EndProject
Project("{FAE04EC0-301F-11D3-BF4B-00C04F79EFBC}") = "PaymentAgent", "PaymentAgent\PaymentAgent.csproj", "{BE629049-A5FE-419F-8AE5-33739B074EB9}"
EndProject
Project("{FAE04EC0-301F-11D3-BF4B-00C04F79EFBC}") = "PolicyAgent", "PolicyAgent\PolicyAgent.csproj", "{3A5C1525-D653-4E56-9A88-CEEA4EFC043E}"
EndProject
Project("{FAE04EC0-301F-11D3-BF4B-00C04F79EFBC}") = "SharedLibrary", "SharedLibrary\SharedLibrary.csproj", "{8863FB13-7926-4F4D-9B5B-B3043A33EC1F}"
EndProject
Project("{FAE04EC0-301F-11D3-BF4B-00C04F79EFBC}") = "BankingMAS", "BankingMAS\BankingMAS.csproj", "{0B154F2F-2C7A-4DFE-A660-8E7435DB47F5}"
EndProject
Project("{2150E333-8FDC-42A3-9474-1A3956D46DE8}") = "Agents", "Agents", "{FF30C0A6-6324-42FC-A2B0-FEE5236E29D2}"
EndProject
Project("{2150E333-8FDC-42A3-9474-1A3956D46DE8}") = "Shared", "Shared", "{8C538320-38D0-4B52-9842-CD944308E906}"
EndProject
Project("{2150E333-8FDC-42A3-9474-1A3956D46DE8}") = "Infrastructure", "Infrastructure", "{C484CB76-54A5-47FD-9C87-67A9196B8737}"
EndProject
Project("{FAE04EC0-301F-11D3-BF4B-00C04F79EFBC}") = "Core", "Core\Core.csproj", "{44A6A898-AAA5-441A-9A26-EA3BB0F72BF4}"
EndProject
Project("{2150E333-8FDC-42A3-9474-1A3956D46DE8}") = "Solution Items", "Solution Items", "{7709F4A3-9444-42B3-AB40-01F0F70686CE}"
	ProjectSection(SolutionItems) = preProject
		.editorconfig = .editorconfig
	EndProjectSection
EndProject
Project("{2150E333-8FDC-42A3-9474-1A3956D46DE8}") = "Core Services", "Core Services", "{768AFD25-B2B4-4690-A27E-C9BB41DAFDC6}"
EndProject
Project("{FAE04EC0-301F-11D3-BF4B-00C04F79EFBC}") = "BankingPlugins", "BankingPlugins\BankingPlugins.csproj", "{F22DCFF1-7FA2-4E34-B364-0AA23FD7CC94}"
EndProject
Project("{FAE04EC0-301F-11D3-BF4B-00C04F79EFBC}") = "BankServices", "BankServices\BankServices.csproj", "{E8493A0D-095F-4498-8CEF-A4EAD8F57BEF}"
EndProject
Project("{FAE04EC0-301F-11D3-BF4B-00C04F79EFBC}") = "BankingServiceClientLibrary", "BankingServiceClientLibrary\BankingServiceClientLibrary.csproj", "{2F93E5D9-24B0-4C30-A30E-0E956AC2732E}"
EndProject
Project("{FAE04EC0-301F-11D3-BF4B-00C04F79EFBC}") = "BankingServiceModels", "BankingServiceModels\BankingServiceModels.csproj", "{450E25D6-39C1-431F-8082-13A8BD152F0D}"
EndProject
Project("{2150E333-8FDC-42A3-9474-1A3956D46DE8}") = "AI Core Services", "AI Core Services", "{02EA681E-C7D8-13C7-8484-4AC65E1B71E8}"
EndProject
Project("{FAE04EC0-301F-11D3-BF4B-00C04F79EFBC}") = "AICore", "AICore\AICore.csproj", "{7796A1B0-DAA7-49AA-8EA7-B8E0EAC79538}"
EndProject
Project("{2150E333-8FDC-42A3-9474-1A3956D46DE8}") = "Documentation", "Documentation", "{A1F5633F-74C5-482A-A17B-C03BF231F47F}"
EndProject
Project("{F088123C-0E9E-452A-89E6-6BA2F21D5CAC}") = "ArchitectureValidation", "ArchitectureValidation\ArchitectureValidation.modelproj", "{DA4610A1-C50F-F3DB-F80F-0599DF55C70B}"
EndProject
Project("{FAE04EC0-301F-11D3-BF4B-00C04F79EFBC}") = "InvoiceAgent", "InvoiceAgent\InvoiceAgent.csproj", "{CF81AD4B-6AA0-4980-8CC5-14B16045AF50}"
EndProject
Project("{2150E333-8FDC-42A3-9474-1A3956D46DE8}") = "Data", "Data", "{704E1C95-87EC-42AE-AB4B-8C89147D709F}"
	ProjectSection(SolutionItems) = preProject
		invoice.json = invoice.json
		InvoiceManual.txt = InvoiceManual.txt
	EndProjectSection
EndProject
Project("{FAE04EC0-301F-11D3-BF4B-00C04F79EFBC}") = "RAGEngine", "RAGEngine\RAGEngine.csproj", "{85E74F96-8D7A-4455-AC40-B559FEA0FAFF}"
EndProject
Global
	GlobalSection(SolutionConfigurationPlatforms) = preSolution
		Debug|Any CPU = Debug|Any CPU
		Release|Any CPU = Release|Any CPU
	EndGlobalSection
	GlobalSection(ProjectConfigurationPlatforms) = postSolution
		{9F8FE104-5EF8-4654-A9ED-922B11FC02AC}.Debug|Any CPU.ActiveCfg = Debug|Any CPU
		{9F8FE104-5EF8-4654-A9ED-922B11FC02AC}.Debug|Any CPU.Build.0 = Debug|Any CPU
		{9F8FE104-5EF8-4654-A9ED-922B11FC02AC}.Release|Any CPU.ActiveCfg = Release|Any CPU
		{9F8FE104-5EF8-4654-A9ED-922B11FC02AC}.Release|Any CPU.Build.0 = Release|Any CPU
		{C20F4B1F-8208-4552-BAF6-7A81CBD24673}.Debug|Any CPU.ActiveCfg = Debug|Any CPU
		{C20F4B1F-8208-4552-BAF6-7A81CBD24673}.Debug|Any CPU.Build.0 = Debug|Any CPU
		{C20F4B1F-8208-4552-BAF6-7A81CBD24673}.Release|Any CPU.ActiveCfg = Release|Any CPU
		{C20F4B1F-8208-4552-BAF6-7A81CBD24673}.Release|Any CPU.Build.0 = Release|Any CPU
		{7EAE536B-4E42-4A00-9414-B396651BD517}.Debug|Any CPU.ActiveCfg = Debug|Any CPU
		{7EAE536B-4E42-4A00-9414-B396651BD517}.Debug|Any CPU.Build.0 = Debug|Any CPU
		{7EAE536B-4E42-4A00-9414-B396651BD517}.Release|Any CPU.ActiveCfg = Release|Any CPU
		{7EAE536B-4E42-4A00-9414-B396651BD517}.Release|Any CPU.Build.0 = Release|Any CPU
		{2B43F18C-8548-4E8C-A747-C43D8B43B0C4}.Debug|Any CPU.ActiveCfg = Debug|Any CPU
		{2B43F18C-8548-4E8C-A747-C43D8B43B0C4}.Debug|Any CPU.Build.0 = Debug|Any CPU
		{2B43F18C-8548-4E8C-A747-C43D8B43B0C4}.Release|Any CPU.ActiveCfg = Release|Any CPU
		{2B43F18C-8548-4E8C-A747-C43D8B43B0C4}.Release|Any CPU.Build.0 = Release|Any CPU
		{BE629049-A5FE-419F-8AE5-33739B074EB9}.Debug|Any CPU.ActiveCfg = Debug|Any CPU
		{BE629049-A5FE-419F-8AE5-33739B074EB9}.Debug|Any CPU.Build.0 = Debug|Any CPU
		{BE629049-A5FE-419F-8AE5-33739B074EB9}.Release|Any CPU.ActiveCfg = Release|Any CPU
		{BE629049-A5FE-419F-8AE5-33739B074EB9}.Release|Any CPU.Build.0 = Release|Any CPU
		{3A5C1525-D653-4E56-9A88-CEEA4EFC043E}.Debug|Any CPU.ActiveCfg = Debug|Any CPU
		{3A5C1525-D653-4E56-9A88-CEEA4EFC043E}.Debug|Any CPU.Build.0 = Debug|Any CPU
		{3A5C1525-D653-4E56-9A88-CEEA4EFC043E}.Release|Any CPU.ActiveCfg = Release|Any CPU
		{3A5C1525-D653-4E56-9A88-CEEA4EFC043E}.Release|Any CPU.Build.0 = Release|Any CPU
		{8863FB13-7926-4F4D-9B5B-B3043A33EC1F}.Debug|Any CPU.ActiveCfg = Debug|Any CPU
		{8863FB13-7926-4F4D-9B5B-B3043A33EC1F}.Debug|Any CPU.Build.0 = Debug|Any CPU
		{8863FB13-7926-4F4D-9B5B-B3043A33EC1F}.Release|Any CPU.ActiveCfg = Release|Any CPU
		{8863FB13-7926-4F4D-9B5B-B3043A33EC1F}.Release|Any CPU.Build.0 = Release|Any CPU
		{0B154F2F-2C7A-4DFE-A660-8E7435DB47F5}.Debug|Any CPU.ActiveCfg = Debug|Any CPU
		{0B154F2F-2C7A-4DFE-A660-8E7435DB47F5}.Debug|Any CPU.Build.0 = Debug|Any CPU
		{0B154F2F-2C7A-4DFE-A660-8E7435DB47F5}.Release|Any CPU.ActiveCfg = Release|Any CPU
		{0B154F2F-2C7A-4DFE-A660-8E7435DB47F5}.Release|Any CPU.Build.0 = Release|Any CPU
		{44A6A898-AAA5-441A-9A26-EA3BB0F72BF4}.Debug|Any CPU.ActiveCfg = Debug|Any CPU
		{44A6A898-AAA5-441A-9A26-EA3BB0F72BF4}.Debug|Any CPU.Build.0 = Debug|Any CPU
		{44A6A898-AAA5-441A-9A26-EA3BB0F72BF4}.Release|Any CPU.ActiveCfg = Release|Any CPU
		{44A6A898-AAA5-441A-9A26-EA3BB0F72BF4}.Release|Any CPU.Build.0 = Release|Any CPU
		{F22DCFF1-7FA2-4E34-B364-0AA23FD7CC94}.Debug|Any CPU.ActiveCfg = Debug|Any CPU
		{F22DCFF1-7FA2-4E34-B364-0AA23FD7CC94}.Debug|Any CPU.Build.0 = Debug|Any CPU
		{F22DCFF1-7FA2-4E34-B364-0AA23FD7CC94}.Release|Any CPU.ActiveCfg = Release|Any CPU
		{F22DCFF1-7FA2-4E34-B364-0AA23FD7CC94}.Release|Any CPU.Build.0 = Release|Any CPU
		{E8493A0D-095F-4498-8CEF-A4EAD8F57BEF}.Debug|Any CPU.ActiveCfg = Debug|Any CPU
		{E8493A0D-095F-4498-8CEF-A4EAD8F57BEF}.Debug|Any CPU.Build.0 = Debug|Any CPU
		{E8493A0D-095F-4498-8CEF-A4EAD8F57BEF}.Release|Any CPU.ActiveCfg = Release|Any CPU
		{E8493A0D-095F-4498-8CEF-A4EAD8F57BEF}.Release|Any CPU.Build.0 = Release|Any CPU
		{2F93E5D9-24B0-4C30-A30E-0E956AC2732E}.Debug|Any CPU.ActiveCfg = Debug|Any CPU
		{2F93E5D9-24B0-4C30-A30E-0E956AC2732E}.Debug|Any CPU.Build.0 = Debug|Any CPU
		{2F93E5D9-24B0-4C30-A30E-0E956AC2732E}.Release|Any CPU.ActiveCfg = Release|Any CPU
		{2F93E5D9-24B0-4C30-A30E-0E956AC2732E}.Release|Any CPU.Build.0 = Release|Any CPU
		{450E25D6-39C1-431F-8082-13A8BD152F0D}.Debug|Any CPU.ActiveCfg = Debug|Any CPU
		{450E25D6-39C1-431F-8082-13A8BD152F0D}.Debug|Any CPU.Build.0 = Debug|Any CPU
		{450E25D6-39C1-431F-8082-13A8BD152F0D}.Release|Any CPU.ActiveCfg = Release|Any CPU
		{450E25D6-39C1-431F-8082-13A8BD152F0D}.Release|Any CPU.Build.0 = Release|Any CPU
		{7796A1B0-DAA7-49AA-8EA7-B8E0EAC79538}.Debug|Any CPU.ActiveCfg = Debug|Any CPU
		{7796A1B0-DAA7-49AA-8EA7-B8E0EAC79538}.Debug|Any CPU.Build.0 = Debug|Any CPU
		{7796A1B0-DAA7-49AA-8EA7-B8E0EAC79538}.Release|Any CPU.ActiveCfg = Release|Any CPU
		{7796A1B0-DAA7-49AA-8EA7-B8E0EAC79538}.Release|Any CPU.Build.0 = Release|Any CPU
		{DA4610A1-C50F-F3DB-F80F-0599DF55C70B}.Debug|Any CPU.ActiveCfg = Debug|Any CPU
		{DA4610A1-C50F-F3DB-F80F-0599DF55C70B}.Debug|Any CPU.Build.0 = Debug|Any CPU
		{DA4610A1-C50F-F3DB-F80F-0599DF55C70B}.Release|Any CPU.ActiveCfg = Release|Any CPU
		{DA4610A1-C50F-F3DB-F80F-0599DF55C70B}.Release|Any CPU.Build.0 = Release|Any CPU
		{CF81AD4B-6AA0-4980-8CC5-14B16045AF50}.Debug|Any CPU.ActiveCfg = Debug|Any CPU
		{CF81AD4B-6AA0-4980-8CC5-14B16045AF50}.Debug|Any CPU.Build.0 = Debug|Any CPU
		{CF81AD4B-6AA0-4980-8CC5-14B16045AF50}.Release|Any CPU.ActiveCfg = Release|Any CPU
		{CF81AD4B-6AA0-4980-8CC5-14B16045AF50}.Release|Any CPU.Build.0 = Release|Any CPU
		{85E74F96-8D7A-4455-AC40-B559FEA0FAFF}.Debug|Any CPU.ActiveCfg = Debug|Any CPU
		{85E74F96-8D7A-4455-AC40-B559FEA0FAFF}.Debug|Any CPU.Build.0 = Debug|Any CPU
		{85E74F96-8D7A-4455-AC40-B559FEA0FAFF}.Release|Any CPU.ActiveCfg = Release|Any CPU
		{85E74F96-8D7A-4455-AC40-B559FEA0FAFF}.Release|Any CPU.Build.0 = Release|Any CPU
	EndGlobalSection
	GlobalSection(SolutionProperties) = preSolution
		HideSolutionNode = FALSE
	EndGlobalSection
	GlobalSection(NestedProjects) = preSolution
		{9F8FE104-5EF8-4654-A9ED-922B11FC02AC} = {FF30C0A6-6324-42FC-A2B0-FEE5236E29D2}
		{C20F4B1F-8208-4552-BAF6-7A81CBD24673} = {FF30C0A6-6324-42FC-A2B0-FEE5236E29D2}
		{7EAE536B-4E42-4A00-9414-B396651BD517} = {02EA681E-C7D8-13C7-8484-4AC65E1B71E8}
		{2B43F18C-8548-4E8C-A747-C43D8B43B0C4} = {FF30C0A6-6324-42FC-A2B0-FEE5236E29D2}
		{BE629049-A5FE-419F-8AE5-33739B074EB9} = {FF30C0A6-6324-42FC-A2B0-FEE5236E29D2}
		{3A5C1525-D653-4E56-9A88-CEEA4EFC043E} = {FF30C0A6-6324-42FC-A2B0-FEE5236E29D2}
		{8863FB13-7926-4F4D-9B5B-B3043A33EC1F} = {8C538320-38D0-4B52-9842-CD944308E906}
		{44A6A898-AAA5-441A-9A26-EA3BB0F72BF4} = {C484CB76-54A5-47FD-9C87-67A9196B8737}
		{F22DCFF1-7FA2-4E34-B364-0AA23FD7CC94} = {02EA681E-C7D8-13C7-8484-4AC65E1B71E8}
		{E8493A0D-095F-4498-8CEF-A4EAD8F57BEF} = {768AFD25-B2B4-4690-A27E-C9BB41DAFDC6}
		{2F93E5D9-24B0-4C30-A30E-0E956AC2732E} = {768AFD25-B2B4-4690-A27E-C9BB41DAFDC6}
		{450E25D6-39C1-431F-8082-13A8BD152F0D} = {768AFD25-B2B4-4690-A27E-C9BB41DAFDC6}
		{7796A1B0-DAA7-49AA-8EA7-B8E0EAC79538} = {02EA681E-C7D8-13C7-8484-4AC65E1B71E8}
		{DA4610A1-C50F-F3DB-F80F-0599DF55C70B} = {A1F5633F-74C5-482A-A17B-C03BF231F47F}
		{CF81AD4B-6AA0-4980-8CC5-14B16045AF50} = {FF30C0A6-6324-42FC-A2B0-FEE5236E29D2}
		{85E74F96-8D7A-4455-AC40-B559FEA0FAFF} = {02EA681E-C7D8-13C7-8484-4AC65E1B71E8}
	EndGlobalSection
	GlobalSection(ExtensibilityGlobals) = postSolution
		SolutionGuid = {EBBEA8F6-FD0A-4EFF-93CC-B834F795230E}
	EndGlobalSection
EndGlobal
