
Microsoft Visual Studio Solution File, Format Version 12.00
# Visual Studio Version 17
VisualStudioVersion = 17.13.35931.197 d17.13
MinimumVisualStudioVersion = 10.0.40219.1
Project("{FAE04EC0-301F-11D3-BF4B-00C04F79EFBC}") = "MCPHostApp", "MCPHostApp.csproj", "{6899F1E9-FEBD-4F02-AE1B-9ABC2D46F9EB}"
EndProject
Project("{FAE04EC0-301F-11D3-BF4B-00C04F79EFBC}") = "BankingService", "..\BankingService\BankingService.csproj", "{A7DBE7BF-6B5E-4F32-8621-0C4AC6FFD34E}"
EndProject
Global
	GlobalSection(SolutionConfigurationPlatforms) = preSolution
		Debug|Any CPU = Debug|Any CPU
		Release|Any CPU = Release|Any CPU
	EndGlobalSection
	GlobalSection(ProjectConfigurationPlatforms) = postSolution
		{6899F1E9-FEBD-4F02-AE1B-9ABC2D46F9EB}.Debug|Any CPU.ActiveCfg = Debug|Any CPU
		{6899F1E9-FEBD-4F02-AE1B-9ABC2D46F9EB}.Debug|Any CPU.Build.0 = Debug|Any CPU
		{6899F1E9-FEBD-4F02-AE1B-9ABC2D46F9EB}.Release|Any CPU.ActiveCfg = Release|Any CPU
		{6899F1E9-FEBD-4F02-AE1B-9ABC2D46F9EB}.Release|Any CPU.Build.0 = Release|Any CPU
		{A7DBE7BF-6B5E-4F32-8621-0C4AC6FFD34E}.Debug|Any CPU.ActiveCfg = Debug|Any CPU
		{A7DBE7BF-6B5E-4F32-8621-0C4AC6FFD34E}.Debug|Any CPU.Build.0 = Debug|Any CPU
		{A7DBE7BF-6B5E-4F32-8621-0C4AC6FFD34E}.Release|Any CPU.ActiveCfg = Release|Any CPU
		{A7DBE7BF-6B5E-4F32-8621-0C4AC6FFD34E}.Release|Any CPU.Build.0 = Release|Any CPU
	EndGlobalSection
	GlobalSection(SolutionProperties) = preSolution
		HideSolutionNode = FALSE
	EndGlobalSection
	GlobalSection(ExtensibilityGlobals) = postSolution
		SolutionGuid = {F11BFC52-991B-408E-ABC5-D605ECA0440D}
	EndGlobalSection
EndGlobal
