
Microsoft Visual Studio Solution File, Format Version 12.00
# Visual Studio Version 17
VisualStudioVersion = 17.12.35521.163
MinimumVisualStudioVersion = 10.0.40219.1
Project("{FAE04EC0-301F-11D3-BF4B-00C04F79EFBC}") = "SimpleAgent", "SimpleAgent\SimpleAgent.csproj", "{0978B930-EEF8-4F07-BACB-3D813CE33C11}"
EndProject
Project("{FAE04EC0-301F-11D3-BF4B-00C04F79EFBC}") = "SharedLibrary", "SharedLibrary\SharedLibrary.csproj", "{D5E8B1C0-C9E6-481D-A4FF-F34545B089D7}"
EndProject
Project("{FAE04EC0-301F-11D3-BF4B-00C04F79EFBC}") = "ImageAgent", "ImageAgent\ImageAgent.csproj", "{7334A2F5-1EEA-413B-AA71-A7F0272339DD}"
EndProject
Project("{FAE04EC0-301F-11D3-BF4B-00C04F79EFBC}") = "Common", "Common\Common.csproj", "{D75572DC-C543-43B5-BDD2-67CF82555042}"
EndProject
Project("{FAE04EC0-301F-11D3-BF4B-00C04F79EFBC}") = "ConversationAgent", "ConversationAgent\ConversationAgent.csproj", "{D241EA28-93A0-49DA-8C6A-DDA96A29F290}"
EndProject
Project("{FAE04EC0-301F-11D3-BF4B-00C04F79EFBC}") = "ToolingAgent", "ToolingAgent\ToolingAgent.csproj", "{CA88D060-D912-40D1-B195-A35EB0296201}"
EndProject
Project("{FAE04EC0-301F-11D3-BF4B-00C04F79EFBC}") = "ToolingWithHumanInLoopAgent", "ToolingWithHumanInLoopAgent\ToolingWithHumanInLoopAgent.csproj", "{A2FEA36C-6A8F-4815-BF7D-887C94770326}"
EndProject
Project("{FAE04EC0-301F-11D3-BF4B-00C04F79EFBC}") = "StructuredResponseAgent", "StructuredResponseAgent\StructuredResponseAgent.csproj", "{35215DE4-6FC1-4A44-B403-E15A5A2B30CE}"
EndProject
Global
	GlobalSection(SolutionConfigurationPlatforms) = preSolution
		Debug|Any CPU = Debug|Any CPU
		Debug|x64 = Debug|x64
		Debug|x86 = Debug|x86
		Release|Any CPU = Release|Any CPU
		Release|x64 = Release|x64
		Release|x86 = Release|x86
	EndGlobalSection
	GlobalSection(ProjectConfigurationPlatforms) = postSolution
		{0978B930-EEF8-4F07-BACB-3D813CE33C11}.Debug|Any CPU.ActiveCfg = Debug|Any CPU
		{0978B930-EEF8-4F07-BACB-3D813CE33C11}.Debug|Any CPU.Build.0 = Debug|Any CPU
		{0978B930-EEF8-4F07-BACB-3D813CE33C11}.Debug|x64.ActiveCfg = Debug|Any CPU
		{0978B930-EEF8-4F07-BACB-3D813CE33C11}.Debug|x64.Build.0 = Debug|Any CPU
		{0978B930-EEF8-4F07-BACB-3D813CE33C11}.Debug|x86.ActiveCfg = Debug|Any CPU
		{0978B930-EEF8-4F07-BACB-3D813CE33C11}.Debug|x86.Build.0 = Debug|Any CPU
		{0978B930-EEF8-4F07-BACB-3D813CE33C11}.Release|Any CPU.ActiveCfg = Release|Any CPU
		{0978B930-EEF8-4F07-BACB-3D813CE33C11}.Release|Any CPU.Build.0 = Release|Any CPU
		{0978B930-EEF8-4F07-BACB-3D813CE33C11}.Release|x64.ActiveCfg = Release|Any CPU
		{0978B930-EEF8-4F07-BACB-3D813CE33C11}.Release|x64.Build.0 = Release|Any CPU
		{0978B930-EEF8-4F07-BACB-3D813CE33C11}.Release|x86.ActiveCfg = Release|Any CPU
		{0978B930-EEF8-4F07-BACB-3D813CE33C11}.Release|x86.Build.0 = Release|Any CPU
		{D5E8B1C0-C9E6-481D-A4FF-F34545B089D7}.Debug|Any CPU.ActiveCfg = Debug|Any CPU
		{D5E8B1C0-C9E6-481D-A4FF-F34545B089D7}.Debug|Any CPU.Build.0 = Debug|Any CPU
		{D5E8B1C0-C9E6-481D-A4FF-F34545B089D7}.Debug|x64.ActiveCfg = Debug|Any CPU
		{D5E8B1C0-C9E6-481D-A4FF-F34545B089D7}.Debug|x64.Build.0 = Debug|Any CPU
		{D5E8B1C0-C9E6-481D-A4FF-F34545B089D7}.Debug|x86.ActiveCfg = Debug|Any CPU
		{D5E8B1C0-C9E6-481D-A4FF-F34545B089D7}.Debug|x86.Build.0 = Debug|Any CPU
		{D5E8B1C0-C9E6-481D-A4FF-F34545B089D7}.Release|Any CPU.ActiveCfg = Release|Any CPU
		{D5E8B1C0-C9E6-481D-A4FF-F34545B089D7}.Release|Any CPU.Build.0 = Release|Any CPU
		{D5E8B1C0-C9E6-481D-A4FF-F34545B089D7}.Release|x64.ActiveCfg = Release|Any CPU
		{D5E8B1C0-C9E6-481D-A4FF-F34545B089D7}.Release|x64.Build.0 = Release|Any CPU
		{D5E8B1C0-C9E6-481D-A4FF-F34545B089D7}.Release|x86.ActiveCfg = Release|Any CPU
		{D5E8B1C0-C9E6-481D-A4FF-F34545B089D7}.Release|x86.Build.0 = Release|Any CPU
		{7334A2F5-1EEA-413B-AA71-A7F0272339DD}.Debug|Any CPU.ActiveCfg = Debug|Any CPU
		{7334A2F5-1EEA-413B-AA71-A7F0272339DD}.Debug|Any CPU.Build.0 = Debug|Any CPU
		{7334A2F5-1EEA-413B-AA71-A7F0272339DD}.Debug|x64.ActiveCfg = Debug|Any CPU
		{7334A2F5-1EEA-413B-AA71-A7F0272339DD}.Debug|x64.Build.0 = Debug|Any CPU
		{7334A2F5-1EEA-413B-AA71-A7F0272339DD}.Debug|x86.ActiveCfg = Debug|Any CPU
		{7334A2F5-1EEA-413B-AA71-A7F0272339DD}.Debug|x86.Build.0 = Debug|Any CPU
		{7334A2F5-1EEA-413B-AA71-A7F0272339DD}.Release|Any CPU.ActiveCfg = Release|Any CPU
		{7334A2F5-1EEA-413B-AA71-A7F0272339DD}.Release|Any CPU.Build.0 = Release|Any CPU
		{7334A2F5-1EEA-413B-AA71-A7F0272339DD}.Release|x64.ActiveCfg = Release|Any CPU
		{7334A2F5-1EEA-413B-AA71-A7F0272339DD}.Release|x64.Build.0 = Release|Any CPU
		{7334A2F5-1EEA-413B-AA71-A7F0272339DD}.Release|x86.ActiveCfg = Release|Any CPU
		{7334A2F5-1EEA-413B-AA71-A7F0272339DD}.Release|x86.Build.0 = Release|Any CPU
		{D75572DC-C543-43B5-BDD2-67CF82555042}.Debug|Any CPU.ActiveCfg = Debug|Any CPU
		{D75572DC-C543-43B5-BDD2-67CF82555042}.Debug|Any CPU.Build.0 = Debug|Any CPU
		{D75572DC-C543-43B5-BDD2-67CF82555042}.Debug|x64.ActiveCfg = Debug|Any CPU
		{D75572DC-C543-43B5-BDD2-67CF82555042}.Debug|x64.Build.0 = Debug|Any CPU
		{D75572DC-C543-43B5-BDD2-67CF82555042}.Debug|x86.ActiveCfg = Debug|Any CPU
		{D75572DC-C543-43B5-BDD2-67CF82555042}.Debug|x86.Build.0 = Debug|Any CPU
		{D75572DC-C543-43B5-BDD2-67CF82555042}.Release|Any CPU.ActiveCfg = Release|Any CPU
		{D75572DC-C543-43B5-BDD2-67CF82555042}.Release|Any CPU.Build.0 = Release|Any CPU
		{D75572DC-C543-43B5-BDD2-67CF82555042}.Release|x64.ActiveCfg = Release|Any CPU
		{D75572DC-C543-43B5-BDD2-67CF82555042}.Release|x64.Build.0 = Release|Any CPU
		{D75572DC-C543-43B5-BDD2-67CF82555042}.Release|x86.ActiveCfg = Release|Any CPU
		{D75572DC-C543-43B5-BDD2-67CF82555042}.Release|x86.Build.0 = Release|Any CPU
		{D241EA28-93A0-49DA-8C6A-DDA96A29F290}.Debug|Any CPU.ActiveCfg = Debug|Any CPU
		{D241EA28-93A0-49DA-8C6A-DDA96A29F290}.Debug|Any CPU.Build.0 = Debug|Any CPU
		{D241EA28-93A0-49DA-8C6A-DDA96A29F290}.Debug|x64.ActiveCfg = Debug|Any CPU
		{D241EA28-93A0-49DA-8C6A-DDA96A29F290}.Debug|x64.Build.0 = Debug|Any CPU
		{D241EA28-93A0-49DA-8C6A-DDA96A29F290}.Debug|x86.ActiveCfg = Debug|Any CPU
		{D241EA28-93A0-49DA-8C6A-DDA96A29F290}.Debug|x86.Build.0 = Debug|Any CPU
		{D241EA28-93A0-49DA-8C6A-DDA96A29F290}.Release|Any CPU.ActiveCfg = Release|Any CPU
		{D241EA28-93A0-49DA-8C6A-DDA96A29F290}.Release|Any CPU.Build.0 = Release|Any CPU
		{D241EA28-93A0-49DA-8C6A-DDA96A29F290}.Release|x64.ActiveCfg = Release|Any CPU
		{D241EA28-93A0-49DA-8C6A-DDA96A29F290}.Release|x64.Build.0 = Release|Any CPU
		{D241EA28-93A0-49DA-8C6A-DDA96A29F290}.Release|x86.ActiveCfg = Release|Any CPU
		{D241EA28-93A0-49DA-8C6A-DDA96A29F290}.Release|x86.Build.0 = Release|Any CPU
		{CA88D060-D912-40D1-B195-A35EB0296201}.Debug|Any CPU.ActiveCfg = Debug|Any CPU
		{CA88D060-D912-40D1-B195-A35EB0296201}.Debug|Any CPU.Build.0 = Debug|Any CPU
		{CA88D060-D912-40D1-B195-A35EB0296201}.Debug|x64.ActiveCfg = Debug|Any CPU
		{CA88D060-D912-40D1-B195-A35EB0296201}.Debug|x64.Build.0 = Debug|Any CPU
		{CA88D060-D912-40D1-B195-A35EB0296201}.Debug|x86.ActiveCfg = Debug|Any CPU
		{CA88D060-D912-40D1-B195-A35EB0296201}.Debug|x86.Build.0 = Debug|Any CPU
		{CA88D060-D912-40D1-B195-A35EB0296201}.Release|Any CPU.ActiveCfg = Release|Any CPU
		{CA88D060-D912-40D1-B195-A35EB0296201}.Release|Any CPU.Build.0 = Release|Any CPU
		{CA88D060-D912-40D1-B195-A35EB0296201}.Release|x64.ActiveCfg = Release|Any CPU
		{CA88D060-D912-40D1-B195-A35EB0296201}.Release|x64.Build.0 = Release|Any CPU
		{CA88D060-D912-40D1-B195-A35EB0296201}.Release|x86.ActiveCfg = Release|Any CPU
		{CA88D060-D912-40D1-B195-A35EB0296201}.Release|x86.Build.0 = Release|Any CPU
		{A2FEA36C-6A8F-4815-BF7D-887C94770326}.Debug|Any CPU.ActiveCfg = Debug|Any CPU
		{A2FEA36C-6A8F-4815-BF7D-887C94770326}.Debug|Any CPU.Build.0 = Debug|Any CPU
		{A2FEA36C-6A8F-4815-BF7D-887C94770326}.Debug|x64.ActiveCfg = Debug|Any CPU
		{A2FEA36C-6A8F-4815-BF7D-887C94770326}.Debug|x64.Build.0 = Debug|Any CPU
		{A2FEA36C-6A8F-4815-BF7D-887C94770326}.Debug|x86.ActiveCfg = Debug|Any CPU
		{A2FEA36C-6A8F-4815-BF7D-887C94770326}.Debug|x86.Build.0 = Debug|Any CPU
		{A2FEA36C-6A8F-4815-BF7D-887C94770326}.Release|Any CPU.ActiveCfg = Release|Any CPU
		{A2FEA36C-6A8F-4815-BF7D-887C94770326}.Release|Any CPU.Build.0 = Release|Any CPU
		{A2FEA36C-6A8F-4815-BF7D-887C94770326}.Release|x64.ActiveCfg = Release|Any CPU
		{A2FEA36C-6A8F-4815-BF7D-887C94770326}.Release|x64.Build.0 = Release|Any CPU
		{A2FEA36C-6A8F-4815-BF7D-887C94770326}.Release|x86.ActiveCfg = Release|Any CPU
		{A2FEA36C-6A8F-4815-BF7D-887C94770326}.Release|x86.Build.0 = Release|Any CPU
		{35215DE4-6FC1-4A44-B403-E15A5A2B30CE}.Debug|Any CPU.ActiveCfg = Debug|Any CPU
		{35215DE4-6FC1-4A44-B403-E15A5A2B30CE}.Debug|Any CPU.Build.0 = Debug|Any CPU
		{35215DE4-6FC1-4A44-B403-E15A5A2B30CE}.Debug|x64.ActiveCfg = Debug|Any CPU
		{35215DE4-6FC1-4A44-B403-E15A5A2B30CE}.Debug|x64.Build.0 = Debug|Any CPU
		{35215DE4-6FC1-4A44-B403-E15A5A2B30CE}.Debug|x86.ActiveCfg = Debug|Any CPU
		{35215DE4-6FC1-4A44-B403-E15A5A2B30CE}.Debug|x86.Build.0 = Debug|Any CPU
		{35215DE4-6FC1-4A44-B403-E15A5A2B30CE}.Release|Any CPU.ActiveCfg = Release|Any CPU
		{35215DE4-6FC1-4A44-B403-E15A5A2B30CE}.Release|Any CPU.Build.0 = Release|Any CPU
		{35215DE4-6FC1-4A44-B403-E15A5A2B30CE}.Release|x64.ActiveCfg = Release|Any CPU
		{35215DE4-6FC1-4A44-B403-E15A5A2B30CE}.Release|x64.Build.0 = Release|Any CPU
		{35215DE4-6FC1-4A44-B403-E15A5A2B30CE}.Release|x86.ActiveCfg = Release|Any CPU
		{35215DE4-6FC1-4A44-B403-E15A5A2B30CE}.Release|x86.Build.0 = Release|Any CPU
	EndGlobalSection
	GlobalSection(SolutionProperties) = preSolution
		HideSolutionNode = FALSE
	EndGlobalSection
EndGlobal
